
Microsoft Visual Studio Solution File, Format Version 12.00
# Visual Studio Version 16
VisualStudioVersion = 16.0.30204.135
MinimumVisualStudioVersion = 10.0.40219.1
Project("{FAE04EC0-301F-11D3-BF4B-00C04F79EFBC}") = "QuestorSistemas", "QuestorSistemas\QuestorSistemas.csproj", "{61F86205-3D04-4B67-9099-60D4047CECAE}"
EndProject
Global
	GlobalSection(SolutionConfigurationPlatforms) = preSolution
		Debug|Any CPU = Debug|Any CPU
		Release|Any CPU = Release|Any CPU
	EndGlobalSection
	GlobalSection(ProjectConfigurationPlatforms) = postSolution
		{61F86205-3D04-4B67-9099-60D4047CECAE}.Debug|Any CPU.ActiveCfg = Debug|Any CPU
		{61F86205-3D04-4B67-9099-60D4047CECAE}.Debug|Any CPU.Build.0 = Debug|Any CPU
		{61F86205-3D04-4B67-9099-60D4047CECAE}.Release|Any CPU.ActiveCfg = Release|Any CPU
		{61F86205-3D04-4B67-9099-60D4047CECAE}.Release|Any CPU.Build.0 = Release|Any CPU
	EndGlobalSection
	GlobalSection(SolutionProperties) = preSolution
		HideSolutionNode = FALSE
	EndGlobalSection
	GlobalSection(ExtensibilityGlobals) = postSolution
		SolutionGuid = {88177704-0174-4144-80EA-3CDF522F89F6}
	EndGlobalSection
EndGlobal
